
Microsoft Visual Studio Solution File, Format Version 12.00
# Visual Studio Version 17
VisualStudioVersion = 17.7.34024.191
MinimumVisualStudioVersion = 10.0.40219.1
Project("{FAE04EC0-301F-11D3-BF4B-00C04F79EFBC}") = "Binary psuedo code translation attempt 22.11.23", "Binary psuedo code translation attempt 22.11.23\Binary psuedo code translation attempt 22.11.23.csproj", "{C3711AB0-110B-4E40-94CB-37C45E8F3DCD}"
EndProject
Global
	GlobalSection(SolutionConfigurationPlatforms) = preSolution
		Debug|Any CPU = Debug|Any CPU
		Release|Any CPU = Release|Any CPU
	EndGlobalSection
	GlobalSection(ProjectConfigurationPlatforms) = postSolution
		{C3711AB0-110B-4E40-94CB-37C45E8F3DCD}.Debug|Any CPU.ActiveCfg = Debug|Any CPU
		{C3711AB0-110B-4E40-94CB-37C45E8F3DCD}.Debug|Any CPU.Build.0 = Debug|Any CPU
		{C3711AB0-110B-4E40-94CB-37C45E8F3DCD}.Release|Any CPU.ActiveCfg = Release|Any CPU
		{C3711AB0-110B-4E40-94CB-37C45E8F3DCD}.Release|Any CPU.Build.0 = Release|Any CPU
	EndGlobalSection
	GlobalSection(SolutionProperties) = preSolution
		HideSolutionNode = FALSE
	EndGlobalSection
	GlobalSection(ExtensibilityGlobals) = postSolution
		SolutionGuid = {DA115BD5-DDD4-418A-ACBC-6AB045F19AC7}
	EndGlobalSection
EndGlobal
